<?xml version="1.0" encoding="utf-8"?>
<Project ToolsVersion="4.0" xmlns="http://schemas.microsoft.com/developer/msbuild/2003">
  <ItemGroup>
    <Filter Include="main">
      <UniqueIdentifier>{67DA6AB6-F800-4c08-8B7A-83BB121AAD01}</UniqueIdentifier>
      <Extensions>rc;ico;cur;bmp;dlg;rc2;rct;bin;rgs;gif;jpg;jpeg;jpe;resx;tiff;tif;png;wav;mfcribbon-ms</Extensions>
    </Filter>
    <Filter Include="net">
      <UniqueIdentifier>{e56284c5-1ee9-4499-b5ba-82989eec57ea}</UniqueIdentifier>
    </Filter>
    <Filter Include="net\minecraft">
      <UniqueIdentifier>{690bf604-a510-4222-8fef-50bd95d99b04}</UniqueIdentifier>
    </Filter>
    <Filter Include="net\minecraft\client">
      <UniqueIdentifier>{85df9009-f1e1-43e9-8b64-71c47f4ad50a}</UniqueIdentifier>
    </Filter>
    <Filter Include="net\minecraft\client\entity">
      <UniqueIdentifier>{6dae74c0-387e-4d62-ad5c-3ed34fdd95a0}</UniqueIdentifier>
    </Filter>
    <Filter Include="imgui">
      <UniqueIdentifier>{b5463ea6-059b-412f-ad92-680bf85ca44e}</UniqueIdentifier>
    </Filter>
    <Filter Include="minhook">
      <UniqueIdentifier>{11f5954b-b7d9-4403-b769-038e125c2c67}</UniqueIdentifier>
    </Filter>
    <Filter Include="menu">
      <UniqueIdentifier>{08294283-7bc8-4b8b-b9a6-ac6d6ef5c4fe}</UniqueIdentifier>
    </Filter>
    <Filter Include="hook">
      <UniqueIdentifier>{4469f38f-0f81-4300-9f6f-c899c9c0a392}</UniqueIdentifier>
    </Filter>
    <Filter Include="openGl">
      <UniqueIdentifier>{a5bdb6c9-4280-4607-9c4b-5c1c1bca853e}</UniqueIdentifier>
    </Filter>
    <Filter Include="function">
      <UniqueIdentifier>{1d97f766-e7b1-437c-9257-80da71b9c0a1}</UniqueIdentifier>
    </Filter>
  </ItemGroup>
  <ItemGroup>
    <ClCompile Include="main.cpp">
      <Filter>main</Filter>
    </ClCompile>
    <ClCompile Include="Minecraft.cpp">
      <Filter>net\minecraft\client</Filter>
    </ClCompile>
    <ClCompile Include="EntityPlayer.cpp">
      <Filter>net\minecraft\client\entity</Filter>
    </ClCompile>
    <ClCompile Include="minhook\buffer.c">
      <Filter>minhook</Filter>
    </ClCompile>
    <ClCompile Include="minhook\hde\hde64.c">
      <Filter>minhook</Filter>
    </ClCompile>
    <ClCompile Include="minhook\hde\hde32.c">
      <Filter>minhook</Filter>
    </ClCompile>
    <ClCompile Include="minhook\hook.c">
      <Filter>minhook</Filter>
    </ClCompile>
    <ClCompile Include="minhook\trampoline.c">
      <Filter>minhook</Filter>
    </ClCompile>
    <ClCompile Include="imgui\imgui_impl_win32.cpp">
      <Filter>imgui</Filter>
    </ClCompile>
    <ClCompile Include="imgui\imgui_impl_opengl3.cpp">
      <Filter>imgui</Filter>
    </ClCompile>
    <ClCompile Include="menu.cpp">
      <Filter>menu</Filter>
    </ClCompile>
    <ClCompile Include="hook.cpp">
      <Filter>hook</Filter>
    </ClCompile>
  </ItemGroup>
  <ItemGroup>
    <ClInclude Include="include.h" />
    <ClInclude Include="Minecraft.h">
      <Filter>net\minecraft\client</Filter>
    </ClInclude>
    <ClInclude Include="EntityPlayer.h">
      <Filter>net\minecraft\client\entity</Filter>
    </ClInclude>
    <ClInclude Include="MinHook.h" />
    <ClInclude Include="minhook\buffer.h">
      <Filter>minhook</Filter>
    </ClInclude>
    <ClInclude Include="minhook\hde\hde64.h">
      <Filter>minhook</Filter>
    </ClInclude>
    <ClInclude Include="minhook\hde\hde32.h">
      <Filter>minhook</Filter>
    </ClInclude>
    <ClInclude Include="minhook\hde\pstdint.h">
      <Filter>minhook</Filter>
    </ClInclude>
    <ClInclude Include="minhook\hde\table64.h">
      <Filter>minhook</Filter>
    </ClInclude>
    <ClInclude Include="minhook\hde\table32.h">
      <Filter>minhook</Filter>
    </ClInclude>
    <ClInclude Include="minhook\trampoline.h">
      <Filter>minhook</Filter>
    </ClInclude>
    <ClInclude Include="imgui\imconfig.h">
      <Filter>imgui</Filter>
    </ClInclude>
    <ClInclude Include="imgui\imgui_impl_opengl3.h">
      <Filter>imgui</Filter>
    </ClInclude>
    <ClInclude Include="imgui\imgui_impl_win32.h">
      <Filter>imgui</Filter>
    </ClInclude>
    <ClInclude Include="imgui\imgui_stdlib.h">
      <Filter>imgui</Filter>
    </ClInclude>
    <ClInclude Include="imgui\imstb_rectpack.h">
      <Filter>imgui</Filter>
    </ClInclude>
    <ClInclude Include="imgui\imgui_internal.h">
      <Filter>imgui</Filter>
    </ClInclude>
    <ClInclude Include="imgui\imgui.h">
      <Filter>imgui</Filter>
    </ClInclude>
    <ClInclude Include="imgui\imstb_textedit.h">
      <Filter>imgui</Filter>
    </ClInclude>
    <ClInclude Include="imgui\imstb_truetype.h">
      <Filter>imgui</Filter>
    </ClInclude>
    <ClInclude Include="imgui\imgui_impl_opengl3_loader.h">
      <Filter>imgui</Filter>
    </ClInclude>
    <ClInclude Include="menu.h">
      <Filter>menu</Filter>
    </ClInclude>
    <ClInclude Include="hook.h">
      <Filter>hook</Filter>
    </ClInclude>
    <ClInclude Include="openGl.hpp">
      <Filter>openGl</Filter>
    </ClInclude>
    <ClInclude Include="minecraftClasses.h">
      <Filter>net\minecraft</Filter>
    </ClInclude>
    <ClInclude Include="function.hpp">
      <Filter>function</Filter>
    </ClInclude>
  </ItemGroup>
</Project>